
Microsoft Visual Studio Solution File, Format Version 12.00
# Visual Studio Version 17
VisualStudioVersion = 17.8.34322.80
MinimumVisualStudioVersion = 10.0.40219.1
Project("{FAE04EC0-301F-11D3-BF4B-00C04F79EFBC}") = "API_Avaliacao", "API_Avaliacao\API_Avaliacao.csproj", "{22986F98-8217-4ADB-93ED-1DF20CC575D2}"
EndProject
Global
	GlobalSection(SolutionConfigurationPlatforms) = preSolution
		Debug|Any CPU = Debug|Any CPU
		Release|Any CPU = Release|Any CPU
	EndGlobalSection
	GlobalSection(ProjectConfigurationPlatforms) = postSolution
		{22986F98-8217-4ADB-93ED-1DF20CC575D2}.Debug|Any CPU.ActiveCfg = Debug|Any CPU
		{22986F98-8217-4ADB-93ED-1DF20CC575D2}.Debug|Any CPU.Build.0 = Debug|Any CPU
		{22986F98-8217-4ADB-93ED-1DF20CC575D2}.Release|Any CPU.ActiveCfg = Release|Any CPU
		{22986F98-8217-4ADB-93ED-1DF20CC575D2}.Release|Any CPU.Build.0 = Release|Any CPU
	EndGlobalSection
	GlobalSection(SolutionProperties) = preSolution
		HideSolutionNode = FALSE
	EndGlobalSection
	GlobalSection(ExtensibilityGlobals) = postSolution
		SolutionGuid = {52EC6C9D-0B73-4419-B47E-18E26F9E06DC}
	EndGlobalSection
EndGlobal
